
Microsoft Visual Studio Solution File, Format Version 12.00
Project("{FAE04EC0-301F-11D3-BF4B-00C04F79EFBC}") = "Flatify.MAUI", "Flatify.MAUI\Flatify.MAUI.csproj", "{52FE9D23-37CF-4339-AD85-6C4CBE52002B}"
EndProject
Global
	GlobalSection(SolutionConfigurationPlatforms) = preSolution
		Debug|Any CPU = Debug|Any CPU
		Release|Any CPU = Release|Any CPU
	EndGlobalSection
	GlobalSection(ProjectConfigurationPlatforms) = postSolution
		{52FE9D23-37CF-4339-AD85-6C4CBE52002B}.Debug|Any CPU.ActiveCfg = Debug|Any CPU
		{52FE9D23-37CF-4339-AD85-6C4CBE52002B}.Debug|Any CPU.Build.0 = Debug|Any CPU
		{52FE9D23-37CF-4339-AD85-6C4CBE52002B}.Release|Any CPU.ActiveCfg = Release|Any CPU
		{52FE9D23-37CF-4339-AD85-6C4CBE52002B}.Release|Any CPU.Build.0 = Release|Any CPU
	EndGlobalSection
EndGlobal
